
Microsoft Visual Studio Solution File, Format Version 12.00
# Visual Studio 15
VisualStudioVersion = 15.0.26124.0
MinimumVisualStudioVersion = 15.0.26124.0
Project("{2150E333-8FDC-42A3-9474-1A3956D46DE8}") = "src", "src", "{B329ECBB-EC2B-4586-8390-53739DF1EEF5}"
EndProject
Project("{FAE04EC0-301F-11D3-BF4B-00C04F79EFBC}") = "Uniview.Core", "src\Uniview.Core\Uniview.Core.csproj", "{9F456C95-BD33-424B-880A-3277A452D929}"
EndProject
Project("{FAE04EC0-301F-11D3-BF4B-00C04F79EFBC}") = "Uniview.Server", "src\Uniview.Server\Uniview.Server.csproj", "{3EAB5E00-68BF-4832-810B-B2AC1E11A4EE}"
EndProject
Project("{FAE04EC0-301F-11D3-BF4B-00C04F79EFBC}") = "Uniview.Cli", "src\Uniview.Cli\Uniview.Cli.csproj", "{16C4CF93-FE3F-4C38-93D0-F1C0432FC545}"
EndProject
Global
	GlobalSection(SolutionConfigurationPlatforms) = preSolution
		Debug|Any CPU = Debug|Any CPU
		Debug|x64 = Debug|x64
		Debug|x86 = Debug|x86
		Release|Any CPU = Release|Any CPU
		Release|x64 = Release|x64
		Release|x86 = Release|x86
	EndGlobalSection
	GlobalSection(SolutionProperties) = preSolution
		HideSolutionNode = FALSE
	EndGlobalSection
	GlobalSection(ProjectConfigurationPlatforms) = postSolution
		{9F456C95-BD33-424B-880A-3277A452D929}.Debug|Any CPU.ActiveCfg = Debug|Any CPU
		{9F456C95-BD33-424B-880A-3277A452D929}.Debug|Any CPU.Build.0 = Debug|Any CPU
		{9F456C95-BD33-424B-880A-3277A452D929}.Debug|x64.ActiveCfg = Debug|Any CPU
		{9F456C95-BD33-424B-880A-3277A452D929}.Debug|x64.Build.0 = Debug|Any CPU
		{9F456C95-BD33-424B-880A-3277A452D929}.Debug|x86.ActiveCfg = Debug|Any CPU
		{9F456C95-BD33-424B-880A-3277A452D929}.Debug|x86.Build.0 = Debug|Any CPU
		{9F456C95-BD33-424B-880A-3277A452D929}.Release|Any CPU.ActiveCfg = Release|Any CPU
		{9F456C95-BD33-424B-880A-3277A452D929}.Release|Any CPU.Build.0 = Release|Any CPU
		{9F456C95-BD33-424B-880A-3277A452D929}.Release|x64.ActiveCfg = Release|Any CPU
		{9F456C95-BD33-424B-880A-3277A452D929}.Release|x64.Build.0 = Release|Any CPU
		{9F456C95-BD33-424B-880A-3277A452D929}.Release|x86.ActiveCfg = Release|Any CPU
		{9F456C95-BD33-424B-880A-3277A452D929}.Release|x86.Build.0 = Release|Any CPU
		{3EAB5E00-68BF-4832-810B-B2AC1E11A4EE}.Debug|Any CPU.ActiveCfg = Debug|Any CPU
		{3EAB5E00-68BF-4832-810B-B2AC1E11A4EE}.Debug|Any CPU.Build.0 = Debug|Any CPU
		{3EAB5E00-68BF-4832-810B-B2AC1E11A4EE}.Debug|x64.ActiveCfg = Debug|Any CPU
		{3EAB5E00-68BF-4832-810B-B2AC1E11A4EE}.Debug|x64.Build.0 = Debug|Any CPU
		{3EAB5E00-68BF-4832-810B-B2AC1E11A4EE}.Debug|x86.ActiveCfg = Debug|Any CPU
		{3EAB5E00-68BF-4832-810B-B2AC1E11A4EE}.Debug|x86.Build.0 = Debug|Any CPU
		{3EAB5E00-68BF-4832-810B-B2AC1E11A4EE}.Release|Any CPU.ActiveCfg = Release|Any CPU
		{3EAB5E00-68BF-4832-810B-B2AC1E11A4EE}.Release|Any CPU.Build.0 = Release|Any CPU
		{3EAB5E00-68BF-4832-810B-B2AC1E11A4EE}.Release|x64.ActiveCfg = Release|Any CPU
		{3EAB5E00-68BF-4832-810B-B2AC1E11A4EE}.Release|x64.Build.0 = Release|Any CPU
		{3EAB5E00-68BF-4832-810B-B2AC1E11A4EE}.Release|x86.ActiveCfg = Release|Any CPU
		{3EAB5E00-68BF-4832-810B-B2AC1E11A4EE}.Release|x86.Build.0 = Release|Any CPU
		{16C4CF93-FE3F-4C38-93D0-F1C0432FC545}.Debug|Any CPU.ActiveCfg = Debug|Any CPU
		{16C4CF93-FE3F-4C38-93D0-F1C0432FC545}.Debug|Any CPU.Build.0 = Debug|Any CPU
		{16C4CF93-FE3F-4C38-93D0-F1C0432FC545}.Debug|x64.ActiveCfg = Debug|Any CPU
		{16C4CF93-FE3F-4C38-93D0-F1C0432FC545}.Debug|x64.Build.0 = Debug|Any CPU
		{16C4CF93-FE3F-4C38-93D0-F1C0432FC545}.Debug|x86.ActiveCfg = Debug|Any CPU
		{16C4CF93-FE3F-4C38-93D0-F1C0432FC545}.Debug|x86.Build.0 = Debug|Any CPU
		{16C4CF93-FE3F-4C38-93D0-F1C0432FC545}.Release|Any CPU.ActiveCfg = Release|Any CPU
		{16C4CF93-FE3F-4C38-93D0-F1C0432FC545}.Release|Any CPU.Build.0 = Release|Any CPU
		{16C4CF93-FE3F-4C38-93D0-F1C0432FC545}.Release|x64.ActiveCfg = Release|Any CPU
		{16C4CF93-FE3F-4C38-93D0-F1C0432FC545}.Release|x64.Build.0 = Release|Any CPU
		{16C4CF93-FE3F-4C38-93D0-F1C0432FC545}.Release|x86.ActiveCfg = Release|Any CPU
		{16C4CF93-FE3F-4C38-93D0-F1C0432FC545}.Release|x86.Build.0 = Release|Any CPU
	EndGlobalSection
	GlobalSection(NestedProjects) = preSolution
		{9F456C95-BD33-424B-880A-3277A452D929} = {B329ECBB-EC2B-4586-8390-53739DF1EEF5}
		{3EAB5E00-68BF-4832-810B-B2AC1E11A4EE} = {B329ECBB-EC2B-4586-8390-53739DF1EEF5}
		{16C4CF93-FE3F-4C38-93D0-F1C0432FC545} = {B329ECBB-EC2B-4586-8390-53739DF1EEF5}
	EndGlobalSection
EndGlobal
